
Microsoft Visual Studio Solution File, Format Version 12.00
# Visual Studio Version 16
VisualStudioVersion = 16.0.29318.209
MinimumVisualStudioVersion = 10.0.40219.1
Project("{2150E333-8FDC-42A3-9474-1A3956D46DE8}") = "3 Logic", "3 Logic", "{959E678A-58A4-4AEC-8DC0-9AB1D7BA8DDC}"
EndProject
Project("{9A19103F-16F7-4668-BE54-9A1E7A4F7556}") = "RollerCoaster2019.Logic", "RollerCoaster2019.Logic\RollerCoaster2019.Logic.csproj", "{25051C60-087A-41D9-B292-F5D24299958D}"
EndProject
Project("{2150E333-8FDC-42A3-9474-1A3956D46DE8}") = "4 Services", "4 Services", "{86457E25-E3B4-4A9E-8DB2-AE280005F65E}"
EndProject
Project("{2150E333-8FDC-42A3-9474-1A3956D46DE8}") = "2 Presentation", "2 Presentation", "{DF146992-CD4D-4B03-8844-F5F9AA40FDC6}"
EndProject
Project("{2150E333-8FDC-42A3-9474-1A3956D46DE8}") = "1 Contracts", "1 Contracts", "{86F5DF29-AD85-4158-8175-31FE8A74ABBE}"
EndProject
Project("{9A19103F-16F7-4668-BE54-9A1E7A4F7556}") = "RollerCoaster2019.Console", "RollerCoaster2019.Console\RollerCoaster2019.Console.csproj", "{BFB953A4-0C92-4169-94C4-EFD33F573765}"
EndProject
Project("{9A19103F-16F7-4668-BE54-9A1E7A4F7556}") = "RollerCoaster2019.Contracts", "RollerCoaster2019.Contracts\RollerCoaster2019.Contracts.csproj", "{3AA06ABF-D608-4E32-813D-7C735E6D4397}"
EndProject
Project("{9A19103F-16F7-4668-BE54-9A1E7A4F7556}") = "RollerCoaster2019.Services", "RollerCoaster2019.Services\RollerCoaster2019.Services.csproj", "{1F7688A9-60F1-4525-9E01-7EC5CD313BA5}"
EndProject
Project("{9A19103F-16F7-4668-BE54-9A1E7A4F7556}") = "RollerCoaster2019.Console.Tests", "RollerCoaster2019.Console.Tests\RollerCoaster2019.Console.Tests.csproj", "{750E2A27-7033-43EB-B316-68BBBC752A75}"
EndProject
Project("{9A19103F-16F7-4668-BE54-9A1E7A4F7556}") = "RollerCoaster2019.Logic.Tests", "RollerCoaster2019.Logic.Tests\RollerCoaster2019.Logic.Tests.csproj", "{CB8E035E-2A6A-4D7A-93DA-3438B38AD327}"
EndProject
Project("{9A19103F-16F7-4668-BE54-9A1E7A4F7556}") = "RollerCoaster2019.Services.Tests", "RollerCoaster2019.Services.Tests\RollerCoaster2019.Services.Tests.csproj", "{5541132F-74AB-4C11-9A72-33CC8B353D78}"
EndProject
Project("{9A19103F-16F7-4668-BE54-9A1E7A4F7556}") = "RollerCoaster2019.Contracts.Tests", "RollerCoaster2019.Contracts.Tests\RollerCoaster2019.Contracts.Tests.csproj", "{C3FDD353-C59A-41FC-A037-572242B70AF2}"
EndProject
Project("{2150E333-8FDC-42A3-9474-1A3956D46DE8}") = "5 IntegrationTests", "5 IntegrationTests", "{C10D668E-F9AF-4E2C-9162-A3C972A7E2AE}"
EndProject
Project("{9A19103F-16F7-4668-BE54-9A1E7A4F7556}") = "RollerCoaster2019.IntegrationTests", "RollerCoaster2019.IntegrationTests\RollerCoaster2019.IntegrationTests.csproj", "{E68407BB-E195-4545-864A-EDD0CE29C6B5}"
EndProject
Project("{2150E333-8FDC-42A3-9474-1A3956D46DE8}") = "6 LoadTests", "6 LoadTests", "{29915864-F959-42F3-8654-5107C75C0D8B}"
EndProject
Project("{9A19103F-16F7-4668-BE54-9A1E7A4F7556}") = "RollerCoaster2019.LoadTests", "RollerCoaster2019.LoadTests\RollerCoaster2019.LoadTests.csproj", "{43F0AE17-499D-44EB-A5B3-E0B39BF74553}"
EndProject
Project("{2150E333-8FDC-42A3-9474-1A3956D46DE8}") = "9 Tools", "9 Tools", "{C7701A2D-AD4A-458C-8C3C-63D3B8216622}"
EndProject
Project("{9A19103F-16F7-4668-BE54-9A1E7A4F7556}") = "MockLibrary", "MockLibrary\MockLibrary.csproj", "{5A3A46DB-58A5-49D9-86DC-16E8D2442F4E}"
EndProject
Global
	GlobalSection(SolutionConfigurationPlatforms) = preSolution
		Debug|Any CPU = Debug|Any CPU
		Release|Any CPU = Release|Any CPU
	EndGlobalSection
	GlobalSection(ProjectConfigurationPlatforms) = postSolution
		{25051C60-087A-41D9-B292-F5D24299958D}.Debug|Any CPU.ActiveCfg = Debug|Any CPU
		{25051C60-087A-41D9-B292-F5D24299958D}.Debug|Any CPU.Build.0 = Debug|Any CPU
		{25051C60-087A-41D9-B292-F5D24299958D}.Release|Any CPU.ActiveCfg = Release|Any CPU
		{25051C60-087A-41D9-B292-F5D24299958D}.Release|Any CPU.Build.0 = Release|Any CPU
		{BFB953A4-0C92-4169-94C4-EFD33F573765}.Debug|Any CPU.ActiveCfg = Debug|Any CPU
		{BFB953A4-0C92-4169-94C4-EFD33F573765}.Debug|Any CPU.Build.0 = Debug|Any CPU
		{BFB953A4-0C92-4169-94C4-EFD33F573765}.Release|Any CPU.ActiveCfg = Release|Any CPU
		{BFB953A4-0C92-4169-94C4-EFD33F573765}.Release|Any CPU.Build.0 = Release|Any CPU
		{3AA06ABF-D608-4E32-813D-7C735E6D4397}.Debug|Any CPU.ActiveCfg = Debug|Any CPU
		{3AA06ABF-D608-4E32-813D-7C735E6D4397}.Debug|Any CPU.Build.0 = Debug|Any CPU
		{3AA06ABF-D608-4E32-813D-7C735E6D4397}.Release|Any CPU.ActiveCfg = Release|Any CPU
		{3AA06ABF-D608-4E32-813D-7C735E6D4397}.Release|Any CPU.Build.0 = Release|Any CPU
		{1F7688A9-60F1-4525-9E01-7EC5CD313BA5}.Debug|Any CPU.ActiveCfg = Debug|Any CPU
		{1F7688A9-60F1-4525-9E01-7EC5CD313BA5}.Debug|Any CPU.Build.0 = Debug|Any CPU
		{1F7688A9-60F1-4525-9E01-7EC5CD313BA5}.Release|Any CPU.ActiveCfg = Release|Any CPU
		{1F7688A9-60F1-4525-9E01-7EC5CD313BA5}.Release|Any CPU.Build.0 = Release|Any CPU
		{750E2A27-7033-43EB-B316-68BBBC752A75}.Debug|Any CPU.ActiveCfg = Debug|Any CPU
		{750E2A27-7033-43EB-B316-68BBBC752A75}.Debug|Any CPU.Build.0 = Debug|Any CPU
		{750E2A27-7033-43EB-B316-68BBBC752A75}.Release|Any CPU.ActiveCfg = Release|Any CPU
		{750E2A27-7033-43EB-B316-68BBBC752A75}.Release|Any CPU.Build.0 = Release|Any CPU
		{CB8E035E-2A6A-4D7A-93DA-3438B38AD327}.Debug|Any CPU.ActiveCfg = Debug|Any CPU
		{CB8E035E-2A6A-4D7A-93DA-3438B38AD327}.Debug|Any CPU.Build.0 = Debug|Any CPU
		{CB8E035E-2A6A-4D7A-93DA-3438B38AD327}.Release|Any CPU.ActiveCfg = Release|Any CPU
		{CB8E035E-2A6A-4D7A-93DA-3438B38AD327}.Release|Any CPU.Build.0 = Release|Any CPU
		{5541132F-74AB-4C11-9A72-33CC8B353D78}.Debug|Any CPU.ActiveCfg = Debug|Any CPU
		{5541132F-74AB-4C11-9A72-33CC8B353D78}.Debug|Any CPU.Build.0 = Debug|Any CPU
		{5541132F-74AB-4C11-9A72-33CC8B353D78}.Release|Any CPU.ActiveCfg = Release|Any CPU
		{5541132F-74AB-4C11-9A72-33CC8B353D78}.Release|Any CPU.Build.0 = Release|Any CPU
		{C3FDD353-C59A-41FC-A037-572242B70AF2}.Debug|Any CPU.ActiveCfg = Debug|Any CPU
		{C3FDD353-C59A-41FC-A037-572242B70AF2}.Debug|Any CPU.Build.0 = Debug|Any CPU
		{C3FDD353-C59A-41FC-A037-572242B70AF2}.Release|Any CPU.ActiveCfg = Release|Any CPU
		{C3FDD353-C59A-41FC-A037-572242B70AF2}.Release|Any CPU.Build.0 = Release|Any CPU
		{E68407BB-E195-4545-864A-EDD0CE29C6B5}.Debug|Any CPU.ActiveCfg = Debug|Any CPU
		{E68407BB-E195-4545-864A-EDD0CE29C6B5}.Debug|Any CPU.Build.0 = Debug|Any CPU
		{E68407BB-E195-4545-864A-EDD0CE29C6B5}.Release|Any CPU.ActiveCfg = Release|Any CPU
		{E68407BB-E195-4545-864A-EDD0CE29C6B5}.Release|Any CPU.Build.0 = Release|Any CPU
		{43F0AE17-499D-44EB-A5B3-E0B39BF74553}.Debug|Any CPU.ActiveCfg = Debug|Any CPU
		{43F0AE17-499D-44EB-A5B3-E0B39BF74553}.Debug|Any CPU.Build.0 = Debug|Any CPU
		{43F0AE17-499D-44EB-A5B3-E0B39BF74553}.Release|Any CPU.ActiveCfg = Release|Any CPU
		{43F0AE17-499D-44EB-A5B3-E0B39BF74553}.Release|Any CPU.Build.0 = Release|Any CPU
		{5A3A46DB-58A5-49D9-86DC-16E8D2442F4E}.Debug|Any CPU.ActiveCfg = Debug|Any CPU
		{5A3A46DB-58A5-49D9-86DC-16E8D2442F4E}.Debug|Any CPU.Build.0 = Debug|Any CPU
		{5A3A46DB-58A5-49D9-86DC-16E8D2442F4E}.Release|Any CPU.ActiveCfg = Release|Any CPU
		{5A3A46DB-58A5-49D9-86DC-16E8D2442F4E}.Release|Any CPU.Build.0 = Release|Any CPU
	EndGlobalSection
	GlobalSection(SolutionProperties) = preSolution
		HideSolutionNode = FALSE
	EndGlobalSection
	GlobalSection(NestedProjects) = preSolution
		{25051C60-087A-41D9-B292-F5D24299958D} = {959E678A-58A4-4AEC-8DC0-9AB1D7BA8DDC}
		{BFB953A4-0C92-4169-94C4-EFD33F573765} = {DF146992-CD4D-4B03-8844-F5F9AA40FDC6}
		{3AA06ABF-D608-4E32-813D-7C735E6D4397} = {86F5DF29-AD85-4158-8175-31FE8A74ABBE}
		{1F7688A9-60F1-4525-9E01-7EC5CD313BA5} = {86457E25-E3B4-4A9E-8DB2-AE280005F65E}
		{750E2A27-7033-43EB-B316-68BBBC752A75} = {DF146992-CD4D-4B03-8844-F5F9AA40FDC6}
		{CB8E035E-2A6A-4D7A-93DA-3438B38AD327} = {959E678A-58A4-4AEC-8DC0-9AB1D7BA8DDC}
		{5541132F-74AB-4C11-9A72-33CC8B353D78} = {86457E25-E3B4-4A9E-8DB2-AE280005F65E}
		{C3FDD353-C59A-41FC-A037-572242B70AF2} = {86F5DF29-AD85-4158-8175-31FE8A74ABBE}
		{E68407BB-E195-4545-864A-EDD0CE29C6B5} = {C10D668E-F9AF-4E2C-9162-A3C972A7E2AE}
		{43F0AE17-499D-44EB-A5B3-E0B39BF74553} = {29915864-F959-42F3-8654-5107C75C0D8B}
		{5A3A46DB-58A5-49D9-86DC-16E8D2442F4E} = {C7701A2D-AD4A-458C-8C3C-63D3B8216622}
	EndGlobalSection
	GlobalSection(ExtensibilityGlobals) = postSolution
		SolutionGuid = {40CDAC93-DE9C-49AA-BBBB-5FA826102184}
	EndGlobalSection
EndGlobal
